version = 1
revision = 3
requires-python = ">=3.11"

[[package]]
name = "cfgv"
version = "3.4.0"
source = { registry = "https://pypi.org/simple" }
sdist = { url = "https://files.pythonhosted.org/packages/11/74/539e56497d9bd1d484fd863dd69cbbfa653cd2aa27abfe35653494d85e94/cfgv-3.4.0.tar.gz", hash = "sha256:e52591d4c5f5dead8e0f673fb16db7949d2cfb3f7da4582893288f0ded8fe560", size = 7114, upload-time = "2023-08-12T20:38:17.776Z" }
wheels = [
    { url = "https://files.pythonhosted.org/packages/c5/55/51844dd50c4fc7a33b653bfaba4c2456f06955289ca770a5dbd5fd267374/cfgv-3.4.0-py2.py3-none-any.whl", hash = "sha256:b7265b1f29fd3316bfcd2b330d63d024f2bfd8bcb8b0272f8e19a504856c48f9", size = 7249, upload-time = "2023-08-12T20:38:16.269Z" },
]

[[package]]
name = "colorama"
version = "0.4.6"
source = { registry = "https://pypi.org/simple" }
sdist = { url = "https://files.pythonhosted.org/packages/d8/53/6f443c9a4a8358a93a6792e2acffb9d9d5cb0a5cfd8802644b7b1c9a02e4/colorama-0.4.6.tar.gz", hash = "sha256:08695f5cb7ed6e0531a20572697297273c47b8cae5a63ffc6d6ed5c201be6e44", size = 27697, upload-time = "2022-10-25T02:36:22.414Z" }
wheels = [
    { url = "https://files.pythonhosted.org/packages/d1/d6/3965ed04c63042e047cb6a3e6ed1a63a35087b6a609aa3a15ed8ac56c221/colorama-0.4.6-py2.py3-none-any.whl", hash = "sha256:4f1d9991f5acc0ca119f9d443620b77f9d6b33703e51011c16baf57afb285fc6", size = 25335, upload-time = "2022-10-25T02:36:20.889Z" },
]

[[package]]
name = "distlib"
version = "0.3.9"
source = { registry = "https://pypi.org/simple" }
sdist = { url = "https://files.pythonhosted.org/packages/0d/dd/1bec4c5ddb504ca60fc29472f3d27e8d4da1257a854e1d96742f15c1d02d/distlib-0.3.9.tar.gz", hash = "sha256:a60f20dea646b8a33f3e7772f74dc0b2d0772d2837ee1342a00645c81edf9403", size = 613923, upload-time = "2024-10-09T18:35:47.551Z" }
wheels = [
    { url = "https://files.pythonhosted.org/packages/91/a1/cf2472db20f7ce4a6be1253a81cfdf85ad9c7885ffbed7047fb72c24cf87/distlib-0.3.9-py2.py3-none-any.whl", hash = "sha256:47f8c22fd27c27e25a65601af709b38e4f0a45ea4fc2e710f65755fa8caaaf87", size = 468973, upload-time = "2024-10-09T18:35:44.272Z" },
]

[[package]]
name = "duckdb"
version = "1.2.2"
source = { registry = "https://pypi.org/simple" }
sdist = { url = "https://files.pythonhosted.org/packages/28/b8/0f86278684fb7a1fac7c0c869fc6d68ed005cdc91c963eb4373e0551bc0a/duckdb-1.2.2.tar.gz", hash = "sha256:1e53555dece49201df08645dbfa4510c86440339889667702f936b7d28d39e43", size = 11595514, upload-time = "2025-04-08T08:47:20.234Z" }
wheels = [
    { url = "https://files.pythonhosted.org/packages/c1/41/78c63937a4f7a5de7d128203c567303d4813c1109b7d17e6b3959f0882e1/duckdb-1.2.2-cp311-cp311-macosx_12_0_arm64.whl", hash = "sha256:081110ffbc9d53c9740ef55482c93b97db2f8030d681d1658827d2e94f77da03", size = 15258298, upload-time = "2025-04-08T08:45:36.648Z" },
    { url = "https://files.pythonhosted.org/packages/94/b2/91d983ecd67a1b87343e98395ffe7d77c996e1798c1bab339beed4680693/duckdb-1.2.2-cp311-cp311-macosx_12_0_universal2.whl", hash = "sha256:53a154dbc074604036a537784ce5d1468edf263745a4363ca06fdb922f0d0a99", size = 31933969, upload-time = "2025-04-08T08:45:39.356Z" },
    { url = "https://files.pythonhosted.org/packages/ad/12/4737b682cbc1b4778ffb37e4f4cdb603676c50aec89d6c9781ec29d3e904/duckdb-1.2.2-cp311-cp311-macosx_12_0_x86_64.whl", hash = "sha256:0353f80882c066f7b14451852395b7a360f3d4846a10555c4268eb49144ea11c", size = 16784775, upload-time = "2025-04-08T08:45:42.246Z" },
    { url = "https://files.pythonhosted.org/packages/71/be/dfb52b579a0b82aa92993aecc100bd951d0bd1850c6a8d47c68953a9de62/duckdb-1.2.2-cp311-cp311-manylinux_2_17_aarch64.manylinux2014_aarch64.whl", hash = "sha256:b134a5002757af1ae44a9ae26c2fe963ffa09eb47a62779ce0c5eeb44bfc2f28", size = 18731124, upload-time = "2025-04-08T08:45:44.573Z" },
    { url = "https://files.pythonhosted.org/packages/ca/49/153dd6289a3d06e87c3199a5547ccc04c574d167d7f85c1a8196218bf040/duckdb-1.2.2-cp311-cp311-manylinux_2_17_x86_64.manylinux2014_x86_64.whl", hash = "sha256:fd9c434127fd1575694e1cf19a393bed301f5d6e80b4bcdae80caa368a61a678", size = 20199712, upload-time = "2025-04-08T08:45:47.031Z" },
    { url = "https://files.pythonhosted.org/packages/97/ce/f27a7b735a8abb04e2c1efcc05178e25e455539c74d70f76c2845bae8473/duckdb-1.2.2-cp311-cp311-manylinux_2_24_aarch64.manylinux_2_28_aarch64.whl", hash = "sha256:890f58855d127c25bc3a53f4c24b27e79391c4468c4fcc99bc10d87b5d4bd1c4", size = 18739966, upload-time = "2025-04-08T08:45:49.779Z" },
    { url = "https://files.pythonhosted.org/packages/d8/f2/a8066267eb5fcd1f535776efde29b6d0fa678d978a7de73f47bc59cc940d/duckdb-1.2.2-cp311-cp311-musllinux_1_2_x86_64.whl", hash = "sha256:9a5002305cdd4e76c94b61b50abc5e3f4e32c9cb81116960bb4b74acbbc9c6c8", size = 22255946, upload-time = "2025-04-08T08:45:52.274Z" },
    { url = "https://files.pythonhosted.org/packages/df/74/8a05ef00c554882d8300c2c261e8f7e7ead74e2b3ff66059599ff2646cf4/duckdb-1.2.2-cp311-cp311-win_amd64.whl", hash = "sha256:cdb9999c6a109aa31196cdd22fc58a810a3d35d08181a25d1bf963988e89f0a5", size = 11368173, upload-time = "2025-04-08T08:45:54.846Z" },
    { url = "https://files.pythonhosted.org/packages/77/25/549f68e55e1b455bd2daf2e5fc912000a3139fe0395111b3d49b23a2cec1/duckdb-1.2.2-cp312-cp312-macosx_12_0_arm64.whl", hash = "sha256:f745379f44ad302560688855baaed9739c03b37a331338eda6a4ac655e4eb42f", size = 15271882, upload-time = "2025-04-08T08:45:57.156Z" },
    { url = "https://files.pythonhosted.org/packages/f6/84/13de7bf9056dcc7a346125d9a9f0f26f76c633db6b54052738f78f828538/duckdb-1.2.2-cp312-cp312-macosx_12_0_universal2.whl", hash = "sha256:087713fc5958cae5eb59097856b3deaae0def021660c8f2052ec83fa8345174a", size = 31964873, upload-time = "2025-04-08T08:45:59.701Z" },
    { url = "https://files.pythonhosted.org/packages/0f/53/c8d2d56a801b7843ea87f8533a3634e6b38f06910098a266f8a096bd4c61/duckdb-1.2.2-cp312-cp312-macosx_12_0_x86_64.whl", hash = "sha256:a1f96395319c447a31b9477881bd84b4cb8323d6f86f21ceaef355d22dd90623", size = 16800653, upload-time = "2025-04-08T08:46:02.527Z" },
    { url = "https://files.pythonhosted.org/packages/bb/36/e25791d879fb93b92a56bf481ce11949ab19109103ae2ba12d64e49355d9/duckdb-1.2.2-cp312-cp312-manylinux_2_17_aarch64.manylinux2014_aarch64.whl", hash = "sha256:6aba3bc0acf4f8d52b94f7746c3b0007b78b517676d482dc516d63f48f967baf", size = 18735524, upload-time = "2025-04-08T08:46:04.842Z" },
    { url = "https://files.pythonhosted.org/packages/d7/46/4745aa10a1e460f4c8b473eddaffe2c783ac5280e1e5929dd84bd1a1acde/duckdb-1.2.2-cp312-cp312-manylinux_2_17_x86_64.manylinux2014_x86_64.whl", hash = "sha256:e5c1556775a9ebaa49b5c8d64718f155ac3e05b34a49e9c99443cf105e8b0371", size = 20210314, upload-time = "2025-04-08T08:46:07.052Z" },
    { url = "https://files.pythonhosted.org/packages/ff/0d/8563fc5ece36252e3d07dd3d29c7a0a034dcf62f14bed7cdc016d95adcbe/duckdb-1.2.2-cp312-cp312-manylinux_2_24_aarch64.manylinux_2_28_aarch64.whl", hash = "sha256:d625cc7d2faacfb2fc83ebbe001ae75dda175b3d8dce6a51a71c199ffac3627a", size = 18755134, upload-time = "2025-04-08T08:46:09.274Z" },
    { url = "https://files.pythonhosted.org/packages/11/f1/b7ade7d980eee4fb3ad7469ccf23adb3668a9a28cf3989b24418392d3786/duckdb-1.2.2-cp312-cp312-musllinux_1_2_x86_64.whl", hash = "sha256:73263f81545c5cb4360fbaf7b22a493e55ddf88fadbe639c43efb7bc8d7554c4", size = 22294397, upload-time = "2025-04-08T08:46:11.476Z" },
    { url = "https://files.pythonhosted.org/packages/eb/c9/896e8ced7b408df81e015fe0c6497cda46c92d9dfc8bf84b6d13f5dad473/duckdb-1.2.2-cp312-cp312-win_amd64.whl", hash = "sha256:b1c0c4d737fd2ab9681e4e78b9f361e0a827916a730e84fa91e76dca451b14d5", size = 11370381, upload-time = "2025-04-08T08:46:13.549Z" },
    { url = "https://files.pythonhosted.org/packages/41/31/5e2f68cbd000137f6ed52092ad83a8e9c09eca70c59e0b4c5eb679709997/duckdb-1.2.2-cp313-cp313-macosx_12_0_arm64.whl", hash = "sha256:fb9a2c77236fae079185a990434cb9d8432902488ba990235c702fc2692d2dcd", size = 15272507, upload-time = "2025-04-08T08:46:15.605Z" },
    { url = "https://files.pythonhosted.org/packages/d2/15/aa9078fc897e744e077c0c1510e34db4c809de1d51ddb5cb62e1f9c61312/duckdb-1.2.2-cp313-cp313-macosx_12_0_universal2.whl", hash = "sha256:d8bb89e580cb9a3aaf42e4555bf265d3db9446abfb118e32150e1a5dfa4b5b15", size = 31965548, upload-time = "2025-04-08T08:46:18.593Z" },
    { url = "https://files.pythonhosted.org/packages/9f/28/943773d44fd97055c59b58dde9182733661c2b6e3b3549f15dc26b2e139e/duckdb-1.2.2-cp313-cp313-macosx_12_0_x86_64.whl", hash = "sha256:88916d7f0532dc926bed84b50408c00dcbe6d2097d0de93c3ff647d8d57b4f83", size = 16800600, upload-time = "2025-04-08T08:46:21.51Z" },
    { url = "https://files.pythonhosted.org/packages/39/51/2caf01e7791e490290798c8c155d4d702ed61d69e815915b42e72b3e7473/duckdb-1.2.2-cp313-cp313-manylinux_2_17_aarch64.manylinux2014_aarch64.whl", hash = "sha256:30bece4f58a6c7bb0944a02dd1dc6de435a9daf8668fa31a9fe3a9923b20bd65", size = 18735886, upload-time = "2025-04-08T08:46:24.26Z" },
    { url = "https://files.pythonhosted.org/packages/87/0c/48ae1d485725af3a452303af409a9022d751ecab260cb9ca2f8c9fb670bc/duckdb-1.2.2-cp313-cp313-manylinux_2_17_x86_64.manylinux2014_x86_64.whl", hash = "sha256:2bd2c6373b8b54474724c2119f6939c4568c428e1d0be5bcb1f4e3d7f1b7c8bb", size = 20210481, upload-time = "2025-04-08T08:46:26.717Z" },
    { url = "https://files.pythonhosted.org/packages/69/c7/95fcd7bde0f754ea6700208d36b845379cbd2b28779c0eff4dd4a7396369/duckdb-1.2.2-cp313-cp313-manylinux_2_24_aarch64.manylinux_2_28_aarch64.whl", hash = "sha256:72f688a8b0df7030c5a28ca6072817c1f090979e08d28ee5912dee37c26a7d0c", size = 18756619, upload-time = "2025-04-08T08:46:29.035Z" },
    { url = "https://files.pythonhosted.org/packages/ad/1b/c9eab9e84d4a70dd5f7e2a93dd6e9d7b4d868d3df755cd58b572d82d6c5d/duckdb-1.2.2-cp313-cp313-musllinux_1_2_x86_64.whl", hash = "sha256:26e9c349f56f7c99341b5c79bbaff5ba12a5414af0261e79bf1a6a2693f152f6", size = 22294667, upload-time = "2025-04-08T08:46:31.295Z" },
    { url = "https://files.pythonhosted.org/packages/3f/3d/ce68db53084746a4a62695a4cb064e44ce04123f8582bb3afbf6ee944e16/duckdb-1.2.2-cp313-cp313-win_amd64.whl", hash = "sha256:e1aec7102670e59d83512cf47d32a6c77a79df9df0294c5e4d16b6259851e2e9", size = 11370206, upload-time = "2025-04-08T08:46:33.472Z" },
]

[[package]]
name = "filelock"
version = "3.18.0"
source = { registry = "https://pypi.org/simple" }
sdist = { url = "https://files.pythonhosted.org/packages/0a/10/c23352565a6544bdc5353e0b15fc1c563352101f30e24bf500207a54df9a/filelock-3.18.0.tar.gz", hash = "sha256:adbc88eabb99d2fec8c9c1b229b171f18afa655400173ddc653d5d01501fb9f2", size = 18075, upload-time = "2025-03-14T07:11:40.47Z" }
wheels = [
    { url = "https://files.pythonhosted.org/packages/4d/36/2a115987e2d8c300a974597416d9de88f2444426de9571f4b59b2cca3acc/filelock-3.18.0-py3-none-any.whl", hash = "sha256:c401f4f8377c4464e6db25fff06205fd89bdd83b65eb0488ed1b160f780e21de", size = 16215, upload-time = "2025-03-14T07:11:39.145Z" },
]

[[package]]
name = "identify"
version = "2.6.10"
source = { registry = "https://pypi.org/simple" }
sdist = { url = "https://files.pythonhosted.org/packages/0c/83/b6ea0334e2e7327084a46aaaf71f2146fc061a192d6518c0d020120cd0aa/identify-2.6.10.tar.gz", hash = "sha256:45e92fd704f3da71cc3880036633f48b4b7265fd4de2b57627cb157216eb7eb8", size = 99201, upload-time = "2025-04-19T15:10:38.32Z" }
wheels = [
    { url = "https://files.pythonhosted.org/packages/2b/d3/85feeba1d097b81a44bcffa6a0beab7b4dfffe78e82fc54978d3ac380736/identify-2.6.10-py2.py3-none-any.whl", hash = "sha256:5f34248f54136beed1a7ba6a6b5c4b6cf21ff495aac7c359e1ef831ae3b8ab25", size = 99101, upload-time = "2025-04-19T15:10:36.701Z" },
]

[[package]]
name = "iniconfig"
version = "2.1.0"
source = { registry = "https://pypi.org/simple" }
sdist = { url = "https://files.pythonhosted.org/packages/f2/97/ebf4da567aa6827c909642694d71c9fcf53e5b504f2d96afea02718862f3/iniconfig-2.1.0.tar.gz", hash = "sha256:3abbd2e30b36733fee78f9c7f7308f2d0050e88f0087fd25c2645f63c773e1c7", size = 4793, upload-time = "2025-03-19T20:09:59.721Z" }
wheels = [
    { url = "https://files.pythonhosted.org/packages/2c/e1/e6716421ea10d38022b952c159d5161ca1193197fb744506875fbb87ea7b/iniconfig-2.1.0-py3-none-any.whl", hash = "sha256:9deba5723312380e77435581c6bf4935c94cbfab9b1ed33ef8d238ea168eb760", size = 6050, upload-time = "2025-03-19T20:10:01.071Z" },
]

[[package]]
name = "nodeenv"
version = "1.9.1"
source = { registry = "https://pypi.org/simple" }
sdist = { url = "https://files.pythonhosted.org/packages/43/16/fc88b08840de0e0a72a2f9d8c6bae36be573e475a6326ae854bcc549fc45/nodeenv-1.9.1.tar.gz", hash = "sha256:6ec12890a2dab7946721edbfbcd91f3319c6ccc9aec47be7c7e6b7011ee6645f", size = 47437, upload-time = "2024-06-04T18:44:11.171Z" }
wheels = [
    { url = "https://files.pythonhosted.org/packages/d2/1d/1b658dbd2b9fa9c4c9f32accbfc0205d532c8c6194dc0f2a4c0428e7128a/nodeenv-1.9.1-py2.py3-none-any.whl", hash = "sha256:ba11c9782d29c27c70ffbdda2d7415098754709be8a7056d79a737cd901155c9", size = 22314, upload-time = "2024-06-04T18:44:08.352Z" },
]

[[package]]
name = "packaging"
version = "25.0"
source = { registry = "https://pypi.org/simple" }
sdist = { url = "https://files.pythonhosted.org/packages/a1/d4/1fc4078c65507b51b96ca8f8c3ba19e6a61c8253c72794544580a7b6c24d/packaging-25.0.tar.gz", hash = "sha256:d443872c98d677bf60f6a1f2f8c1cb748e8fe762d2bf9d3148b5599295b0fc4f", size = 165727, upload-time = "2025-04-19T11:48:59.673Z" }
wheels = [
    { url = "https://files.pythonhosted.org/packages/20/12/38679034af332785aac8774540895e234f4d07f7545804097de4b666afd8/packaging-25.0-py3-none-any.whl", hash = "sha256:29572ef2b1f17581046b3a2227d5c611fb25ec70ca1ba8554b24b0e69331a484", size = 66469, upload-time = "2025-04-19T11:48:57.875Z" },
]

[[package]]
name = "platformdirs"
version = "4.3.8"
source = { registry = "https://pypi.org/simple" }
sdist = { url = "https://files.pythonhosted.org/packages/fe/8b/3c73abc9c759ecd3f1f7ceff6685840859e8070c4d947c93fae71f6a0bf2/platformdirs-4.3.8.tar.gz", hash = "sha256:3d512d96e16bcb959a814c9f348431070822a6496326a4be0911c40b5a74c2bc", size = 21362, upload-time = "2025-05-07T22:47:42.121Z" }
wheels = [
    { url = "https://files.pythonhosted.org/packages/fe/39/979e8e21520d4e47a0bbe349e2713c0aac6f3d853d0e5b34d76206c439aa/platformdirs-4.3.8-py3-none-any.whl", hash = "sha256:ff7059bb7eb1179e2685604f4aaf157cfd9535242bd23742eadc3c13542139b4", size = 18567, upload-time = "2025-05-07T22:47:40.376Z" },
]

[[package]]
name = "pluggy"
version = "1.6.0"
source = { registry = "https://pypi.org/simple" }
sdist = { url = "https://files.pythonhosted.org/packages/f9/e2/3e91f31a7d2b083fe6ef3fa267035b518369d9511ffab804f839851d2779/pluggy-1.6.0.tar.gz", hash = "sha256:7dcc130b76258d33b90f61b658791dede3486c3e6bfb003ee5c9bfb396dd22f3", size = 69412, upload-time = "2025-05-15T12:30:07.975Z" }
wheels = [
    { url = "https://files.pythonhosted.org/packages/54/20/4d324d65cc6d9205fabedc306948156824eb9f0ee1633355a8f7ec5c66bf/pluggy-1.6.0-py3-none-any.whl", hash = "sha256:e920276dd6813095e9377c0bc5566d94c932c33b27a3e3945d8389c374dd4746", size = 20538, upload-time = "2025-05-15T12:30:06.134Z" },
]

[[package]]
name = "polars"
version = "1.29.0"
source = { registry = "https://pypi.org/simple" }
sdist = { url = "https://files.pythonhosted.org/packages/0b/92/8d0e80fef779a392b1a736b554ffba62403026bad7df8a9de8b61dce018f/polars-1.29.0.tar.gz", hash = "sha256:d2acb71fce1ff0ea76db5f648abd91a7a6c460fafabce9a2e8175184efa00d02", size = 4582973, upload-time = "2025-04-30T20:57:22.46Z" }
wheels = [
    { url = "https://files.pythonhosted.org/packages/e7/5f/b277179cfce1258fecf4ad73cf627f670be41fdf088727090f68ca9c96ff/polars-1.29.0-cp39-abi3-macosx_10_12_x86_64.whl", hash = "sha256:d053ee3217df31468caf2f5ddb9fd0f3a94fd42afdf7d9abe23d9d424adca02b", size = 34206809, upload-time = "2025-04-30T20:56:14.744Z" },
    { url = "https://files.pythonhosted.org/packages/34/e7/634e5cb55ce8bef23ac8ad8e3834c9045f4b3cbdff1fb9e7826d864436e6/polars-1.29.0-cp39-abi3-macosx_11_0_arm64.whl", hash = "sha256:14131078e365eae5ccda3e67383cd43c0c0598d7f760bdf1cb4082566c5494ce", size = 31100055, upload-time = "2025-04-30T20:56:19.43Z" },
    { url = "https://files.pythonhosted.org/packages/50/15/0e9072e410731980ebc567c60a0a5f02bc2183310e48704ef83682cdd54c/polars-1.29.0-cp39-abi3-manylinux_2_17_x86_64.manylinux2014_x86_64.whl", hash = "sha256:54f6902da333f99208b8d27765d580ba0299b412787c0564275912122c228e40", size = 34828438, upload-time = "2025-04-30T20:56:22.839Z" },
    { url = "https://files.pythonhosted.org/packages/69/c0/90fcaac5c95aa225b3899698289c0424d429ef72248b593f15294f95a35e/polars-1.29.0-cp39-abi3-manylinux_2_24_aarch64.whl", hash = "sha256:7a0ac6a11088279af4d715f4b58068835f551fa5368504a53401743006115e78", size = 32073830, upload-time = "2025-04-30T20:56:26.742Z" },
    { url = "https://files.pythonhosted.org/packages/17/ed/e5e570e22a03549a3c5397035a006b2c6343856a9fd15cccb5db39bdfa0a/polars-1.29.0-cp39-abi3-win_amd64.whl", hash = "sha256:f5aac4656e58b1e12f9481950981ef68b5b0e53dd4903bd72472efd2d09a74c8", size = 34971841, upload-time = "2025-04-30T20:56:29.953Z" },
    { url = "https://files.pythonhosted.org/packages/45/fd/9039f609d76b3ebb13777f289502a00b52709aea5c35aed01d1090ac142f/polars-1.29.0-cp39-abi3-win_arm64.whl", hash = "sha256:0c105b07b980b77fe88c3200b015bf4695e53185385f0f244c13e2d1027c7bbf", size = 31298689, upload-time = "2025-04-30T20:56:33.449Z" },
]

[[package]]
name = "pre-commit"
version = "4.2.0"
source = { registry = "https://pypi.org/simple" }
dependencies = [
    { name = "cfgv" },
    { name = "identify" },
    { name = "nodeenv" },
    { name = "pyyaml" },
    { name = "virtualenv" },
]
sdist = { url = "https://files.pythonhosted.org/packages/08/39/679ca9b26c7bb2999ff122d50faa301e49af82ca9c066ec061cfbc0c6784/pre_commit-4.2.0.tar.gz", hash = "sha256:601283b9757afd87d40c4c4a9b2b5de9637a8ea02eaff7adc2d0fb4e04841146", size = 193424, upload-time = "2025-03-18T21:35:20.987Z" }
wheels = [
    { url = "https://files.pythonhosted.org/packages/88/74/a88bf1b1efeae488a0c0b7bdf71429c313722d1fc0f377537fbe554e6180/pre_commit-4.2.0-py2.py3-none-any.whl", hash = "sha256:a009ca7205f1eb497d10b845e52c838a98b6cdd2102a6c8e4540e94ee75c58bd", size = 220707, upload-time = "2025-03-18T21:35:19.343Z" },
]

[[package]]
name = "pyarrow"
version = "20.0.0"
source = { registry = "https://pypi.org/simple" }
sdist = { url = "https://files.pythonhosted.org/packages/a2/ee/a7810cb9f3d6e9238e61d312076a9859bf3668fd21c69744de9532383912/pyarrow-20.0.0.tar.gz", hash = "sha256:febc4a913592573c8d5805091a6c2b5064c8bd6e002131f01061797d91c783c1", size = 1125187, upload-time = "2025-04-27T12:34:23.264Z" }
wheels = [
    { url = "https://files.pythonhosted.org/packages/47/a2/b7930824181ceadd0c63c1042d01fa4ef63eee233934826a7a2a9af6e463/pyarrow-20.0.0-cp311-cp311-macosx_12_0_arm64.whl", hash = "sha256:24ca380585444cb2a31324c546a9a56abbe87e26069189e14bdba19c86c049f0", size = 30856035, upload-time = "2025-04-27T12:28:40.78Z" },
    { url = "https://files.pythonhosted.org/packages/9b/18/c765770227d7f5bdfa8a69f64b49194352325c66a5c3bb5e332dfd5867d9/pyarrow-20.0.0-cp311-cp311-macosx_12_0_x86_64.whl", hash = "sha256:95b330059ddfdc591a3225f2d272123be26c8fa76e8c9ee1a77aad507361cfdb", size = 32309552, upload-time = "2025-04-27T12:28:47.051Z" },
    { url = "https://files.pythonhosted.org/packages/44/fb/dfb2dfdd3e488bb14f822d7335653092dde150cffc2da97de6e7500681f9/pyarrow-20.0.0-cp311-cp311-manylinux_2_17_aarch64.manylinux2014_aarch64.whl", hash = "sha256:5f0fb1041267e9968c6d0d2ce3ff92e3928b243e2b6d11eeb84d9ac547308232", size = 41334704, upload-time = "2025-04-27T12:28:55.064Z" },
    { url = "https://files.pythonhosted.org/packages/58/0d/08a95878d38808051a953e887332d4a76bc06c6ee04351918ee1155407eb/pyarrow-20.0.0-cp311-cp311-manylinux_2_17_x86_64.manylinux2014_x86_64.whl", hash = "sha256:b8ff87cc837601532cc8242d2f7e09b4e02404de1b797aee747dd4ba4bd6313f", size = 42399836, upload-time = "2025-04-27T12:29:02.13Z" },
    { url = "https://files.pythonhosted.org/packages/f3/cd/efa271234dfe38f0271561086eedcad7bc0f2ddd1efba423916ff0883684/pyarrow-20.0.0-cp311-cp311-manylinux_2_28_aarch64.whl", hash = "sha256:7a3a5dcf54286e6141d5114522cf31dd67a9e7c9133d150799f30ee302a7a1ab", size = 40711789, upload-time = "2025-04-27T12:29:09.951Z" },
    { url = "https://files.pythonhosted.org/packages/46/1f/7f02009bc7fc8955c391defee5348f510e589a020e4b40ca05edcb847854/pyarrow-20.0.0-cp311-cp311-manylinux_2_28_x86_64.whl", hash = "sha256:a6ad3e7758ecf559900261a4df985662df54fb7fdb55e8e3b3aa99b23d526b62", size = 42301124, upload-time = "2025-04-27T12:29:17.187Z" },
    { url = "https://files.pythonhosted.org/packages/4f/92/692c562be4504c262089e86757a9048739fe1acb4024f92d39615e7bab3f/pyarrow-20.0.0-cp311-cp311-musllinux_1_2_aarch64.whl", hash = "sha256:6bb830757103a6cb300a04610e08d9636f0cd223d32f388418ea893a3e655f1c", size = 42916060, upload-time = "2025-04-27T12:29:24.253Z" },
    { url = "https://files.pythonhosted.org/packages/a4/ec/9f5c7e7c828d8e0a3c7ef50ee62eca38a7de2fa6eb1b8fa43685c9414fef/pyarrow-20.0.0-cp311-cp311-musllinux_1_2_x86_64.whl", hash = "sha256:96e37f0766ecb4514a899d9a3554fadda770fb57ddf42b63d80f14bc20aa7db3", size = 44547640, upload-time = "2025-04-27T12:29:32.782Z" },
    { url = "https://files.pythonhosted.org/packages/54/96/46613131b4727f10fd2ffa6d0d6f02efcc09a0e7374eff3b5771548aa95b/pyarrow-20.0.0-cp311-cp311-win_amd64.whl", hash = "sha256:3346babb516f4b6fd790da99b98bed9708e3f02e734c84971faccb20736848dc", size = 25781491, upload-time = "2025-04-27T12:29:38.464Z" },
    { url = "https://files.pythonhosted.org/packages/a1/d6/0c10e0d54f6c13eb464ee9b67a68b8c71bcf2f67760ef5b6fbcddd2ab05f/pyarrow-20.0.0-cp312-cp312-macosx_12_0_arm64.whl", hash = "sha256:75a51a5b0eef32727a247707d4755322cb970be7e935172b6a3a9f9ae98404ba", size = 30815067, upload-time = "2025-04-27T12:29:44.384Z" },
    { url = "https://files.pythonhosted.org/packages/7e/e2/04e9874abe4094a06fd8b0cbb0f1312d8dd7d707f144c2ec1e5e8f452ffa/pyarrow-20.0.0-cp312-cp312-macosx_12_0_x86_64.whl", hash = "sha256:211d5e84cecc640c7a3ab900f930aaff5cd2702177e0d562d426fb7c4f737781", size = 32297128, upload-time = "2025-04-27T12:29:52.038Z" },
    { url = "https://files.pythonhosted.org/packages/31/fd/c565e5dcc906a3b471a83273039cb75cb79aad4a2d4a12f76cc5ae90a4b8/pyarrow-20.0.0-cp312-cp312-manylinux_2_17_aarch64.manylinux2014_aarch64.whl", hash = "sha256:4ba3cf4182828be7a896cbd232aa8dd6a31bd1f9e32776cc3796c012855e1199", size = 41334890, upload-time = "2025-04-27T12:29:59.452Z" },
    { url = "https://files.pythonhosted.org/packages/af/a9/3bdd799e2c9b20c1ea6dc6fa8e83f29480a97711cf806e823f808c2316ac/pyarrow-20.0.0-cp312-cp312-manylinux_2_17_x86_64.manylinux2014_x86_64.whl", hash = "sha256:2c3a01f313ffe27ac4126f4c2e5ea0f36a5fc6ab51f8726cf41fee4b256680bd", size = 42421775, upload-time = "2025-04-27T12:30:06.875Z" },
    { url = "https://files.pythonhosted.org/packages/10/f7/da98ccd86354c332f593218101ae56568d5dcedb460e342000bd89c49cc1/pyarrow-20.0.0-cp312-cp312-manylinux_2_28_aarch64.whl", hash = "sha256:a2791f69ad72addd33510fec7bb14ee06c2a448e06b649e264c094c5b5f7ce28", size = 40687231, upload-time = "2025-04-27T12:30:13.954Z" },
    { url = "https://files.pythonhosted.org/packages/bb/1b/2168d6050e52ff1e6cefc61d600723870bf569cbf41d13db939c8cf97a16/pyarrow-20.0.0-cp312-cp312-manylinux_2_28_x86_64.whl", hash = "sha256:4250e28a22302ce8692d3a0e8ec9d9dde54ec00d237cff4dfa9c1fbf79e472a8", size = 42295639, upload-time = "2025-04-27T12:30:21.949Z" },
    { url = "https://files.pythonhosted.org/packages/b2/66/2d976c0c7158fd25591c8ca55aee026e6d5745a021915a1835578707feb3/pyarrow-20.0.0-cp312-cp312-musllinux_1_2_aarch64.whl", hash = "sha256:89e030dc58fc760e4010148e6ff164d2f44441490280ef1e97a542375e41058e", size = 42908549, upload-time = "2025-04-27T12:30:29.551Z" },
    { url = "https://files.pythonhosted.org/packages/31/a9/dfb999c2fc6911201dcbf348247f9cc382a8990f9ab45c12eabfd7243a38/pyarrow-20.0.0-cp312-cp312-musllinux_1_2_x86_64.whl", hash = "sha256:6102b4864d77102dbbb72965618e204e550135a940c2534711d5ffa787df2a5a", size = 44557216, upload-time = "2025-04-27T12:30:36.977Z" },
    { url = "https://files.pythonhosted.org/packages/a0/8e/9adee63dfa3911be2382fb4d92e4b2e7d82610f9d9f668493bebaa2af50f/pyarrow-20.0.0-cp312-cp312-win_amd64.whl", hash = "sha256:96d6a0a37d9c98be08f5ed6a10831d88d52cac7b13f5287f1e0f625a0de8062b", size = 25660496, upload-time = "2025-04-27T12:30:42.809Z" },
    { url = "https://files.pythonhosted.org/packages/9b/aa/daa413b81446d20d4dad2944110dcf4cf4f4179ef7f685dd5a6d7570dc8e/pyarrow-20.0.0-cp313-cp313-macosx_12_0_arm64.whl", hash = "sha256:a15532e77b94c61efadde86d10957950392999503b3616b2ffcef7621a002893", size = 30798501, upload-time = "2025-04-27T12:30:48.351Z" },
    { url = "https://files.pythonhosted.org/packages/ff/75/2303d1caa410925de902d32ac215dc80a7ce7dd8dfe95358c165f2adf107/pyarrow-20.0.0-cp313-cp313-macosx_12_0_x86_64.whl", hash = "sha256:dd43f58037443af715f34f1322c782ec463a3c8a94a85fdb2d987ceb5658e061", size = 32277895, upload-time = "2025-04-27T12:30:55.238Z" },
    { url = "https://files.pythonhosted.org/packages/92/41/fe18c7c0b38b20811b73d1bdd54b1fccba0dab0e51d2048878042d84afa8/pyarrow-20.0.0-cp313-cp313-manylinux_2_17_aarch64.manylinux2014_aarch64.whl", hash = "sha256:aa0d288143a8585806e3cc7c39566407aab646fb9ece164609dac1cfff45f6ae", size = 41327322, upload-time = "2025-04-27T12:31:05.587Z" },
    { url = "https://files.pythonhosted.org/packages/da/ab/7dbf3d11db67c72dbf36ae63dcbc9f30b866c153b3a22ef728523943eee6/pyarrow-20.0.0-cp313-cp313-manylinux_2_17_x86_64.manylinux2014_x86_64.whl", hash = "sha256:b6953f0114f8d6f3d905d98e987d0924dabce59c3cda380bdfaa25a6201563b4", size = 42411441, upload-time = "2025-04-27T12:31:15.675Z" },
    { url = "https://files.pythonhosted.org/packages/90/c3/0c7da7b6dac863af75b64e2f827e4742161128c350bfe7955b426484e226/pyarrow-20.0.0-cp313-cp313-manylinux_2_28_aarch64.whl", hash = "sha256:991f85b48a8a5e839b2128590ce07611fae48a904cae6cab1f089c5955b57eb5", size = 40677027, upload-time = "2025-04-27T12:31:24.631Z" },
    { url = "https://files.pythonhosted.org/packages/be/27/43a47fa0ff9053ab5203bb3faeec435d43c0d8bfa40179bfd076cdbd4e1c/pyarrow-20.0.0-cp313-cp313-manylinux_2_28_x86_64.whl", hash = "sha256:97c8dc984ed09cb07d618d57d8d4b67a5100a30c3818c2fb0b04599f0da2de7b", size = 42281473, upload-time = "2025-04-27T12:31:31.311Z" },
    { url = "https://files.pythonhosted.org/packages/bc/0b/d56c63b078876da81bbb9ba695a596eabee9b085555ed12bf6eb3b7cab0e/pyarrow-20.0.0-cp313-cp313-musllinux_1_2_aarch64.whl", hash = "sha256:9b71daf534f4745818f96c214dbc1e6124d7daf059167330b610fc69b6f3d3e3", size = 42893897, upload-time = "2025-04-27T12:31:39.406Z" },
    { url = "https://files.pythonhosted.org/packages/92/ac/7d4bd020ba9145f354012838692d48300c1b8fe5634bfda886abcada67ed/pyarrow-20.0.0-cp313-cp313-musllinux_1_2_x86_64.whl", hash = "sha256:e8b88758f9303fa5a83d6c90e176714b2fd3852e776fc2d7e42a22dd6c2fb368", size = 44543847, upload-time = "2025-04-27T12:31:45.997Z" },
    { url = "https://files.pythonhosted.org/packages/9d/07/290f4abf9ca702c5df7b47739c1b2c83588641ddfa2cc75e34a301d42e55/pyarrow-20.0.0-cp313-cp313-win_amd64.whl", hash = "sha256:30b3051b7975801c1e1d387e17c588d8ab05ced9b1e14eec57915f79869b5031", size = 25653219, upload-time = "2025-04-27T12:31:54.11Z" },
    { url = "https://files.pythonhosted.org/packages/95/df/720bb17704b10bd69dde086e1400b8eefb8f58df3f8ac9cff6c425bf57f1/pyarrow-20.0.0-cp313-cp313t-macosx_12_0_arm64.whl", hash = "sha256:ca151afa4f9b7bc45bcc791eb9a89e90a9eb2772767d0b1e5389609c7d03db63", size = 30853957, upload-time = "2025-04-27T12:31:59.215Z" },
    { url = "https://files.pythonhosted.org/packages/d9/72/0d5f875efc31baef742ba55a00a25213a19ea64d7176e0fe001c5d8b6e9a/pyarrow-20.0.0-cp313-cp313t-macosx_12_0_x86_64.whl", hash = "sha256:4680f01ecd86e0dd63e39eb5cd59ef9ff24a9d166db328679e36c108dc993d4c", size = 32247972, upload-time = "2025-04-27T12:32:05.369Z" },
    { url = "https://files.pythonhosted.org/packages/d5/bc/e48b4fa544d2eea72f7844180eb77f83f2030b84c8dad860f199f94307ed/pyarrow-20.0.0-cp313-cp313t-manylinux_2_17_aarch64.manylinux2014_aarch64.whl", hash = "sha256:7f4c8534e2ff059765647aa69b75d6543f9fef59e2cd4c6d18015192565d2b70", size = 41256434, upload-time = "2025-04-27T12:32:11.814Z" },
    { url = "https://files.pythonhosted.org/packages/c3/01/974043a29874aa2cf4f87fb07fd108828fc7362300265a2a64a94965e35b/pyarrow-20.0.0-cp313-cp313t-manylinux_2_17_x86_64.manylinux2014_x86_64.whl", hash = "sha256:3e1f8a47f4b4ae4c69c4d702cfbdfe4d41e18e5c7ef6f1bb1c50918c1e81c57b", size = 42353648, upload-time = "2025-04-27T12:32:20.766Z" },
    { url = "https://files.pythonhosted.org/packages/68/95/cc0d3634cde9ca69b0e51cbe830d8915ea32dda2157560dda27ff3b3337b/pyarrow-20.0.0-cp313-cp313t-manylinux_2_28_aarch64.whl", hash = "sha256:a1f60dc14658efaa927f8214734f6a01a806d7690be4b3232ba526836d216122", size = 40619853, upload-time = "2025-04-27T12:32:28.1Z" },
    { url = "https://files.pythonhosted.org/packages/29/c2/3ad40e07e96a3e74e7ed7cc8285aadfa84eb848a798c98ec0ad009eb6bcc/pyarrow-20.0.0-cp313-cp313t-manylinux_2_28_x86_64.whl", hash = "sha256:204a846dca751428991346976b914d6d2a82ae5b8316a6ed99789ebf976551e6", size = 42241743, upload-time = "2025-04-27T12:32:35.792Z" },
    { url = "https://files.pythonhosted.org/packages/eb/cb/65fa110b483339add6a9bc7b6373614166b14e20375d4daa73483755f830/pyarrow-20.0.0-cp313-cp313t-musllinux_1_2_aarch64.whl", hash = "sha256:f3b117b922af5e4c6b9a9115825726cac7d8b1421c37c2b5e24fbacc8930612c", size = 42839441, upload-time = "2025-04-27T12:32:46.64Z" },
    { url = "https://files.pythonhosted.org/packages/98/7b/f30b1954589243207d7a0fbc9997401044bf9a033eec78f6cb50da3f304a/pyarrow-20.0.0-cp313-cp313t-musllinux_1_2_x86_64.whl", hash = "sha256:e724a3fd23ae5b9c010e7be857f4405ed5e679db5c93e66204db1a69f733936a", size = 44503279, upload-time = "2025-04-27T12:32:56.503Z" },
    { url = "https://files.pythonhosted.org/packages/37/40/ad395740cd641869a13bcf60851296c89624662575621968dcfafabaa7f6/pyarrow-20.0.0-cp313-cp313t-win_amd64.whl", hash = "sha256:82f1ee5133bd8f49d31be1299dc07f585136679666b502540db854968576faf9", size = 25944982, upload-time = "2025-04-27T12:33:04.72Z" },
]

[[package]]
name = "pytest"
version = "8.3.5"
source = { registry = "https://pypi.org/simple" }
dependencies = [
    { name = "colorama", marker = "sys_platform == 'win32'" },
    { name = "iniconfig" },
    { name = "packaging" },
    { name = "pluggy" },
]
sdist = { url = "https://files.pythonhosted.org/packages/ae/3c/c9d525a414d506893f0cd8a8d0de7706446213181570cdbd766691164e40/pytest-8.3.5.tar.gz", hash = "sha256:f4efe70cc14e511565ac476b57c279e12a855b11f48f212af1080ef2263d3845", size = 1450891, upload-time = "2025-03-02T12:54:54.503Z" }
wheels = [
    { url = "https://files.pythonhosted.org/packages/30/3d/64ad57c803f1fa1e963a7946b6e0fea4a70df53c1a7fed304586539c2bac/pytest-8.3.5-py3-none-any.whl", hash = "sha256:c69214aa47deac29fad6c2a4f590b9c4a9fdb16a403176fe154b79c0b4d4d820", size = 343634, upload-time = "2025-03-02T12:54:52.069Z" },
]

[[package]]
name = "pyyaml"
version = "6.0.2"
source = { registry = "https://pypi.org/simple" }
sdist = { url = "https://files.pythonhosted.org/packages/54/ed/79a089b6be93607fa5cdaedf301d7dfb23af5f25c398d5ead2525b063e17/pyyaml-6.0.2.tar.gz", hash = "sha256:d584d9ec91ad65861cc08d42e834324ef890a082e591037abe114850ff7bbc3e", size = 130631, upload-time = "2024-08-06T20:33:50.674Z" }
wheels = [
    { url = "https://files.pythonhosted.org/packages/f8/aa/7af4e81f7acba21a4c6be026da38fd2b872ca46226673c89a758ebdc4fd2/PyYAML-6.0.2-cp311-cp311-macosx_10_9_x86_64.whl", hash = "sha256:cc1c1159b3d456576af7a3e4d1ba7e6924cb39de8f67111c735f6fc832082774", size = 184612, upload-time = "2024-08-06T20:32:03.408Z" },
    { url = "https://files.pythonhosted.org/packages/8b/62/b9faa998fd185f65c1371643678e4d58254add437edb764a08c5a98fb986/PyYAML-6.0.2-cp311-cp311-macosx_11_0_arm64.whl", hash = "sha256:1e2120ef853f59c7419231f3bf4e7021f1b936f6ebd222406c3b60212205d2ee", size = 172040, upload-time = "2024-08-06T20:32:04.926Z" },
    { url = "https://files.pythonhosted.org/packages/ad/0c/c804f5f922a9a6563bab712d8dcc70251e8af811fce4524d57c2c0fd49a4/PyYAML-6.0.2-cp311-cp311-manylinux_2_17_aarch64.manylinux2014_aarch64.whl", hash = "sha256:5d225db5a45f21e78dd9358e58a98702a0302f2659a3c6cd320564b75b86f47c", size = 736829, upload-time = "2024-08-06T20:32:06.459Z" },
    { url = "https://files.pythonhosted.org/packages/51/16/6af8d6a6b210c8e54f1406a6b9481febf9c64a3109c541567e35a49aa2e7/PyYAML-6.0.2-cp311-cp311-manylinux_2_17_s390x.manylinux2014_s390x.whl", hash = "sha256:5ac9328ec4831237bec75defaf839f7d4564be1e6b25ac710bd1a96321cc8317", size = 764167, upload-time = "2024-08-06T20:32:08.338Z" },
    { url = "https://files.pythonhosted.org/packages/75/e4/2c27590dfc9992f73aabbeb9241ae20220bd9452df27483b6e56d3975cc5/PyYAML-6.0.2-cp311-cp311-manylinux_2_17_x86_64.manylinux2014_x86_64.whl", hash = "sha256:3ad2a3decf9aaba3d29c8f537ac4b243e36bef957511b4766cb0057d32b0be85", size = 762952, upload-time = "2024-08-06T20:32:14.124Z" },
    { url = "https://files.pythonhosted.org/packages/9b/97/ecc1abf4a823f5ac61941a9c00fe501b02ac3ab0e373c3857f7d4b83e2b6/PyYAML-6.0.2-cp311-cp311-musllinux_1_1_aarch64.whl", hash = "sha256:ff3824dc5261f50c9b0dfb3be22b4567a6f938ccce4587b38952d85fd9e9afe4", size = 735301, upload-time = "2024-08-06T20:32:16.17Z" },
    { url = "https://files.pythonhosted.org/packages/45/73/0f49dacd6e82c9430e46f4a027baa4ca205e8b0a9dce1397f44edc23559d/PyYAML-6.0.2-cp311-cp311-musllinux_1_1_x86_64.whl", hash = "sha256:797b4f722ffa07cc8d62053e4cff1486fa6dc094105d13fea7b1de7d8bf71c9e", size = 756638, upload-time = "2024-08-06T20:32:18.555Z" },
    { url = "https://files.pythonhosted.org/packages/22/5f/956f0f9fc65223a58fbc14459bf34b4cc48dec52e00535c79b8db361aabd/PyYAML-6.0.2-cp311-cp311-win32.whl", hash = "sha256:11d8f3dd2b9c1207dcaf2ee0bbbfd5991f571186ec9cc78427ba5bd32afae4b5", size = 143850, upload-time = "2024-08-06T20:32:19.889Z" },
    { url = "https://files.pythonhosted.org/packages/ed/23/8da0bbe2ab9dcdd11f4f4557ccaf95c10b9811b13ecced089d43ce59c3c8/PyYAML-6.0.2-cp311-cp311-win_amd64.whl", hash = "sha256:e10ce637b18caea04431ce14fabcf5c64a1c61ec9c56b071a4b7ca131ca52d44", size = 161980, upload-time = "2024-08-06T20:32:21.273Z" },
    { url = "https://files.pythonhosted.org/packages/86/0c/c581167fc46d6d6d7ddcfb8c843a4de25bdd27e4466938109ca68492292c/PyYAML-6.0.2-cp312-cp312-macosx_10_9_x86_64.whl", hash = "sha256:c70c95198c015b85feafc136515252a261a84561b7b1d51e3384e0655ddf25ab", size = 183873, upload-time = "2024-08-06T20:32:25.131Z" },
    { url = "https://files.pythonhosted.org/packages/a8/0c/38374f5bb272c051e2a69281d71cba6fdb983413e6758b84482905e29a5d/PyYAML-6.0.2-cp312-cp312-macosx_11_0_arm64.whl", hash = "sha256:ce826d6ef20b1bc864f0a68340c8b3287705cae2f8b4b1d932177dcc76721725", size = 173302, upload-time = "2024-08-06T20:32:26.511Z" },
    { url = "https://files.pythonhosted.org/packages/c3/93/9916574aa8c00aa06bbac729972eb1071d002b8e158bd0e83a3b9a20a1f7/PyYAML-6.0.2-cp312-cp312-manylinux_2_17_aarch64.manylinux2014_aarch64.whl", hash = "sha256:1f71ea527786de97d1a0cc0eacd1defc0985dcf6b3f17bb77dcfc8c34bec4dc5", size = 739154, upload-time = "2024-08-06T20:32:28.363Z" },
    { url = "https://files.pythonhosted.org/packages/95/0f/b8938f1cbd09739c6da569d172531567dbcc9789e0029aa070856f123984/PyYAML-6.0.2-cp312-cp312-manylinux_2_17_s390x.manylinux2014_s390x.whl", hash = "sha256:9b22676e8097e9e22e36d6b7bda33190d0d400f345f23d4065d48f4ca7ae0425", size = 766223, upload-time = "2024-08-06T20:32:30.058Z" },
    { url = "https://files.pythonhosted.org/packages/b9/2b/614b4752f2e127db5cc206abc23a8c19678e92b23c3db30fc86ab731d3bd/PyYAML-6.0.2-cp312-cp312-manylinux_2_17_x86_64.manylinux2014_x86_64.whl", hash = "sha256:80bab7bfc629882493af4aa31a4cfa43a4c57c83813253626916b8c7ada83476", size = 767542, upload-time = "2024-08-06T20:32:31.881Z" },
    { url = "https://files.pythonhosted.org/packages/d4/00/dd137d5bcc7efea1836d6264f049359861cf548469d18da90cd8216cf05f/PyYAML-6.0.2-cp312-cp312-musllinux_1_1_aarch64.whl", hash = "sha256:0833f8694549e586547b576dcfaba4a6b55b9e96098b36cdc7ebefe667dfed48", size = 731164, upload-time = "2024-08-06T20:32:37.083Z" },
    { url = "https://files.pythonhosted.org/packages/c9/1f/4f998c900485e5c0ef43838363ba4a9723ac0ad73a9dc42068b12aaba4e4/PyYAML-6.0.2-cp312-cp312-musllinux_1_1_x86_64.whl", hash = "sha256:8b9c7197f7cb2738065c481a0461e50ad02f18c78cd75775628afb4d7137fb3b", size = 756611, upload-time = "2024-08-06T20:32:38.898Z" },
    { url = "https://files.pythonhosted.org/packages/df/d1/f5a275fdb252768b7a11ec63585bc38d0e87c9e05668a139fea92b80634c/PyYAML-6.0.2-cp312-cp312-win32.whl", hash = "sha256:ef6107725bd54b262d6dedcc2af448a266975032bc85ef0172c5f059da6325b4", size = 140591, upload-time = "2024-08-06T20:32:40.241Z" },
    { url = "https://files.pythonhosted.org/packages/0c/e8/4f648c598b17c3d06e8753d7d13d57542b30d56e6c2dedf9c331ae56312e/PyYAML-6.0.2-cp312-cp312-win_amd64.whl", hash = "sha256:7e7401d0de89a9a855c839bc697c079a4af81cf878373abd7dc625847d25cbd8", size = 156338, upload-time = "2024-08-06T20:32:41.93Z" },
    { url = "https://files.pythonhosted.org/packages/ef/e3/3af305b830494fa85d95f6d95ef7fa73f2ee1cc8ef5b495c7c3269fb835f/PyYAML-6.0.2-cp313-cp313-macosx_10_13_x86_64.whl", hash = "sha256:efdca5630322a10774e8e98e1af481aad470dd62c3170801852d752aa7a783ba", size = 181309, upload-time = "2024-08-06T20:32:43.4Z" },
    { url = "https://files.pythonhosted.org/packages/45/9f/3b1c20a0b7a3200524eb0076cc027a970d320bd3a6592873c85c92a08731/PyYAML-6.0.2-cp313-cp313-macosx_11_0_arm64.whl", hash = "sha256:50187695423ffe49e2deacb8cd10510bc361faac997de9efef88badc3bb9e2d1", size = 171679, upload-time = "2024-08-06T20:32:44.801Z" },
    { url = "https://files.pythonhosted.org/packages/7c/9a/337322f27005c33bcb656c655fa78325b730324c78620e8328ae28b64d0c/PyYAML-6.0.2-cp313-cp313-manylinux_2_17_aarch64.manylinux2014_aarch64.whl", hash = "sha256:0ffe8360bab4910ef1b9e87fb812d8bc0a308b0d0eef8c8f44e0254ab3b07133", size = 733428, upload-time = "2024-08-06T20:32:46.432Z" },
    { url = "https://files.pythonhosted.org/packages/a3/69/864fbe19e6c18ea3cc196cbe5d392175b4cf3d5d0ac1403ec3f2d237ebb5/PyYAML-6.0.2-cp313-cp313-manylinux_2_17_s390x.manylinux2014_s390x.whl", hash = "sha256:17e311b6c678207928d649faa7cb0d7b4c26a0ba73d41e99c4fff6b6c3276484", size = 763361, upload-time = "2024-08-06T20:32:51.188Z" },
    { url = "https://files.pythonhosted.org/packages/04/24/b7721e4845c2f162d26f50521b825fb061bc0a5afcf9a386840f23ea19fa/PyYAML-6.0.2-cp313-cp313-manylinux_2_17_x86_64.manylinux2014_x86_64.whl", hash = "sha256:70b189594dbe54f75ab3a1acec5f1e3faa7e8cf2f1e08d9b561cb41b845f69d5", size = 759523, upload-time = "2024-08-06T20:32:53.019Z" },
    { url = "https://files.pythonhosted.org/packages/2b/b2/e3234f59ba06559c6ff63c4e10baea10e5e7df868092bf9ab40e5b9c56b6/PyYAML-6.0.2-cp313-cp313-musllinux_1_1_aarch64.whl", hash = "sha256:41e4e3953a79407c794916fa277a82531dd93aad34e29c2a514c2c0c5fe971cc", size = 726660, upload-time = "2024-08-06T20:32:54.708Z" },
    { url = "https://files.pythonhosted.org/packages/fe/0f/25911a9f080464c59fab9027482f822b86bf0608957a5fcc6eaac85aa515/PyYAML-6.0.2-cp313-cp313-musllinux_1_1_x86_64.whl", hash = "sha256:68ccc6023a3400877818152ad9a1033e3db8625d899c72eacb5a668902e4d652", size = 751597, upload-time = "2024-08-06T20:32:56.985Z" },
    { url = "https://files.pythonhosted.org/packages/14/0d/e2c3b43bbce3cf6bd97c840b46088a3031085179e596d4929729d8d68270/PyYAML-6.0.2-cp313-cp313-win32.whl", hash = "sha256:bc2fa7c6b47d6bc618dd7fb02ef6fdedb1090ec036abab80d4681424b84c1183", size = 140527, upload-time = "2024-08-06T20:33:03.001Z" },
    { url = "https://files.pythonhosted.org/packages/fa/de/02b54f42487e3d3c6efb3f89428677074ca7bf43aae402517bc7cca949f3/PyYAML-6.0.2-cp313-cp313-win_amd64.whl", hash = "sha256:8388ee1976c416731879ac16da0aff3f63b286ffdd57cdeb95f3f2e085687563", size = 156446, upload-time = "2024-08-06T20:33:04.33Z" },
]

[[package]]
name = "taxonomy-tree"
version = "0.2.0"
source = { editable = "." }
dependencies = [
    { name = "duckdb" },
    { name = "polars" },
    { name = "pyarrow" },
]

[package.dev-dependencies]
dev = [
    { name = "pre-commit" },
    { name = "pytest" },
]

[package.metadata]
requires-dist = [
    { name = "duckdb", specifier = ">=1.2.2" },
    { name = "polars", specifier = ">=1.29.0" },
    { name = "pyarrow", specifier = ">=20.0.0" },
]

[package.metadata.requires-dev]
dev = [
    { name = "pre-commit", specifier = ">=3.8.0" },
    { name = "pytest", specifier = ">=8.3.5" },
]

[[package]]
name = "virtualenv"
version = "20.31.2"
source = { registry = "https://pypi.org/simple" }
dependencies = [
    { name = "distlib" },
    { name = "filelock" },
    { name = "platformdirs" },
]
sdist = { url = "https://files.pythonhosted.org/packages/56/2c/444f465fb2c65f40c3a104fd0c495184c4f2336d65baf398e3c75d72ea94/virtualenv-20.31.2.tar.gz", hash = "sha256:e10c0a9d02835e592521be48b332b6caee6887f332c111aa79a09b9e79efc2af", size = 6076316, upload-time = "2025-05-08T17:58:23.811Z" }
wheels = [
    { url = "https://files.pythonhosted.org/packages/f3/40/b1c265d4b2b62b58576588510fc4d1fe60a86319c8de99fd8e9fec617d2c/virtualenv-20.31.2-py3-none-any.whl", hash = "sha256:36efd0d9650ee985f0cad72065001e66d49a6f24eb44d98980f630686243cf11", size = 6057982, upload-time = "2025-05-08T17:58:21.15Z" },
]
